// !$*UTF8*$!
{
	archiveVersion = 1;
	classes = {
	};
	objectVersion = 56;
	objects = {

/* Begin PBXBuildFile section */
		2145FD4F29E3794D00B84E5C /* ChatBubbleView.swift in Sources */ = {isa = PBXBuildFile; fileRef = 2145FD4E29E3794D00B84E5C /* ChatBubbleView.swift */; };
		21606B8729D474B6004420E8 /* ChatApp.swift in Sources */ = {isa = PBXBuildFile; fileRef = 21606B8629D474B6004420E8 /* ChatApp.swift */; };
		21606B8929D474B6004420E8 /* ContentView.swift in Sources */ = {isa = PBXBuildFile; fileRef = 21606B8829D474B6004420E8 /* ContentView.swift */; };
		21606B8B29D474B8004420E8 /* Assets.xcassets in Resources */ = {isa = PBXBuildFile; fileRef = 21606B8A29D474B8004420E8 /* Assets.xcassets */; };
		21606B8E29D474B8004420E8 /* Preview Assets.xcassets in Resources */ = {isa = PBXBuildFile; fileRef = 21606B8D29D474B8004420E8 /* Preview Assets.xcassets */; };
		21606B9E29D8ED3B004420E8 /* Realm in Frameworks */ = {isa = PBXBuildFile; productRef = 21606B9D29D8ED3B004420E8 /* Realm */; };
		21931DDB29DC775F0013E421 /* CaptionLabel.swift in Sources */ = {isa = PBXBuildFile; fileRef = 21931DDA29DC775F0013E421 /* CaptionLabel.swift */; };
		21931DDD29DC7AC90013E421 /* LogoutButton.swift in Sources */ = {isa = PBXBuildFile; fileRef = 21931DDC29DC7AC90013E421 /* LogoutButton.swift */; };
		21931DE029DC8ED80013E421 /* ConversationListView.swift in Sources */ = {isa = PBXBuildFile; fileRef = 21931DDF29DC8ED80013E421 /* ConversationListView.swift */; };
		21931DE229DCAA0C0013E421 /* Conversation.swift in Sources */ = {isa = PBXBuildFile; fileRef = 21931DE129DCAA0C0013E421 /* Conversation.swift */; };
		21931DE429DCAA890013E421 /* Member.swift in Sources */ = {isa = PBXBuildFile; fileRef = 21931DE329DCAA890013E421 /* Member.swift */; };
		21931DE629DCACE30013E421 /* UserPreference.swift in Sources */ = {isa = PBXBuildFile; fileRef = 21931DE529DCACE30013E421 /* UserPreference.swift */; };
		21931DE829DCAD6D0013E421 /* Photo.swift in Sources */ = {isa = PBXBuildFile; fileRef = 21931DE729DCAD6D0013E421 /* Photo.swift */; };
		21931DEB29DCAEFD0013E421 /* SampleData.swift in Sources */ = {isa = PBXBuildFile; fileRef = 21931DEA29DCAEFD0013E421 /* SampleData.swift */; };
		21931DED29DD70FF0013E421 /* SetUserProfileView.swift in Sources */ = {isa = PBXBuildFile; fileRef = 21931DEC29DD70FF0013E421 /* SetUserProfileView.swift */; };
		21931DF029DD74D20013E421 /* AvatarButton.swift in Sources */ = {isa = PBXBuildFile; fileRef = 21931DEF29DD74D20013E421 /* AvatarButton.swift */; };
		21931DF229DD774B0013E421 /* AvatarThumbNailView.swift in Sources */ = {isa = PBXBuildFile; fileRef = 21931DF129DD774B0013E421 /* AvatarThumbNailView.swift */; };
		21931DF429DD77BE0013E421 /* ThumbnailView.swift in Sources */ = {isa = PBXBuildFile; fileRef = 21931DF329DD77BE0013E421 /* ThumbnailView.swift */; };
		21931DF629DD78C80013E421 /* Thumbnail.swift in Sources */ = {isa = PBXBuildFile; fileRef = 21931DF529DD78C80013E421 /* Thumbnail.swift */; };
		21931DF929DDA34B0013E421 /* ConversationCardView.swift in Sources */ = {isa = PBXBuildFile; fileRef = 21931DF829DDA34B0013E421 /* ConversationCardView.swift */; };
		21931DFB29DDA3A90013E421 /* ConversationCardContentsView.swift in Sources */ = {isa = PBXBuildFile; fileRef = 21931DFA29DDA3A90013E421 /* ConversationCardContentsView.swift */; };
		21931DFD29DDA4050013E421 /* Chatster.swift in Sources */ = {isa = PBXBuildFile; fileRef = 21931DFC29DDA4050013E421 /* Chatster.swift */; };
		21C03AF229DA1AEA00C0153C /* RealmSwift in Frameworks */ = {isa = PBXBuildFile; productRef = 21C03AF129DA1AEA00C0153C /* RealmSwift */; };
		21C03AF529DA1BDF00C0153C /* AppState.swift in Sources */ = {isa = PBXBuildFile; fileRef = 21C03AF429DA1BDF00C0153C /* AppState.swift */; };
		21C03AF829DA2D0100C0153C /* LoggedInView.swift in Sources */ = {isa = PBXBuildFile; fileRef = 21C03AF729DA2D0100C0153C /* LoggedInView.swift */; };
		21C03AFB29DA2E4400C0153C /* User.swift in Sources */ = {isa = PBXBuildFile; fileRef = 21C03AFA29DA2E4400C0153C /* User.swift */; };
		21C03AFE29DB07C600C0153C /* LoginView.swift in Sources */ = {isa = PBXBuildFile; fileRef = 21C03AFD29DB07C600C0153C /* LoginView.swift */; };
		21C03B0129DB2E6000C0153C /* OpaqueProgressView.swift in Sources */ = {isa = PBXBuildFile; fileRef = 21C03B0029DB2E6000C0153C /* OpaqueProgressView.swift */; };
		21EB2CBC29DF23D1006C6286 /* MugShotGridView.swift in Sources */ = {isa = PBXBuildFile; fileRef = 21EB2CBB29DF23D1006C6286 /* MugShotGridView.swift */; };
		21EB2CBE29DF249F006C6286 /* UserAvatarView.swift in Sources */ = {isa = PBXBuildFile; fileRef = 21EB2CBD29DF249F006C6286 /* UserAvatarView.swift */; };
		21EB2CC029DF2591006C6286 /* ThumbnailPhotoView.swift in Sources */ = {isa = PBXBuildFile; fileRef = 21EB2CBF29DF2591006C6286 /* ThumbnailPhotoView.swift */; };
		21EB2CC229DF2681006C6286 /* BlankPersonIconView.swift in Sources */ = {isa = PBXBuildFile; fileRef = 21EB2CC129DF2681006C6286 /* BlankPersonIconView.swift */; };
		21EB2CC429DF270F006C6286 /* OnOffCircleView.swift in Sources */ = {isa = PBXBuildFile; fileRef = 21EB2CC329DF270F006C6286 /* OnOffCircleView.swift */; };
		21EB2CC629DF412E006C6286 /* ChatRoomView.swift in Sources */ = {isa = PBXBuildFile; fileRef = 21EB2CC529DF412E006C6286 /* ChatRoomView.swift */; };
		21EB2CC929DF4284006C6286 /* ChatRoomBubblesView.swift in Sources */ = {isa = PBXBuildFile; fileRef = 21EB2CC829DF4284006C6286 /* ChatRoomBubblesView.swift */; };
		21EB2CCB29DF72D6006C6286 /* ChatMessage.swift in Sources */ = {isa = PBXBuildFile; fileRef = 21EB2CCA29DF72D6006C6286 /* ChatMessage.swift */; };
/* End PBXBuildFile section */

/* Begin PBXFileReference section */
		2145FD4E29E3794D00B84E5C /* ChatBubbleView.swift */ = {isa = PBXFileReference; lastKnownFileType = sourcecode.swift; path = ChatBubbleView.swift; sourceTree = "<group>"; };
		21606B8329D474B6004420E8 /* ChatApp.app */ = {isa = PBXFileReference; explicitFileType = wrapper.application; includeInIndex = 0; path = ChatApp.app; sourceTree = BUILT_PRODUCTS_DIR; };
		21606B8629D474B6004420E8 /* ChatApp.swift */ = {isa = PBXFileReference; lastKnownFileType = sourcecode.swift; path = ChatApp.swift; sourceTree = "<group>"; };
		21606B8829D474B6004420E8 /* ContentView.swift */ = {isa = PBXFileReference; lastKnownFileType = sourcecode.swift; path = ContentView.swift; sourceTree = "<group>"; };
		21606B8A29D474B8004420E8 /* Assets.xcassets */ = {isa = PBXFileReference; lastKnownFileType = folder.assetcatalog; path = Assets.xcassets; sourceTree = "<group>"; };
		21606B8D29D474B8004420E8 /* Preview Assets.xcassets */ = {isa = PBXFileReference; lastKnownFileType = folder.assetcatalog; path = "Preview Assets.xcassets"; sourceTree = "<group>"; };
		21931DDA29DC775F0013E421 /* CaptionLabel.swift */ = {isa = PBXFileReference; lastKnownFileType = sourcecode.swift; path = CaptionLabel.swift; sourceTree = "<group>"; };
		21931DDC29DC7AC90013E421 /* LogoutButton.swift */ = {isa = PBXFileReference; lastKnownFileType = sourcecode.swift; path = LogoutButton.swift; sourceTree = "<group>"; };
		21931DDF29DC8ED80013E421 /* ConversationListView.swift */ = {isa = PBXFileReference; lastKnownFileType = sourcecode.swift; path = ConversationListView.swift; sourceTree = "<group>"; };
		21931DE129DCAA0C0013E421 /* Conversation.swift */ = {isa = PBXFileReference; lastKnownFileType = sourcecode.swift; path = Conversation.swift; sourceTree = "<group>"; };
		21931DE329DCAA890013E421 /* Member.swift */ = {isa = PBXFileReference; lastKnownFileType = sourcecode.swift; path = Member.swift; sourceTree = "<group>"; };
		21931DE529DCACE30013E421 /* UserPreference.swift */ = {isa = PBXFileReference; lastKnownFileType = sourcecode.swift; path = UserPreference.swift; sourceTree = "<group>"; };
		21931DE729DCAD6D0013E421 /* Photo.swift */ = {isa = PBXFileReference; lastKnownFileType = sourcecode.swift; path = Photo.swift; sourceTree = "<group>"; };
		21931DEA29DCAEFD0013E421 /* SampleData.swift */ = {isa = PBXFileReference; lastKnownFileType = sourcecode.swift; path = SampleData.swift; sourceTree = "<group>"; };
		21931DEC29DD70FF0013E421 /* SetUserProfileView.swift */ = {isa = PBXFileReference; lastKnownFileType = sourcecode.swift; path = SetUserProfileView.swift; sourceTree = "<group>"; };
		21931DEF29DD74D20013E421 /* AvatarButton.swift */ = {isa = PBXFileReference; lastKnownFileType = sourcecode.swift; path = AvatarButton.swift; sourceTree = "<group>"; };
		21931DF129DD774B0013E421 /* AvatarThumbNailView.swift */ = {isa = PBXFileReference; lastKnownFileType = sourcecode.swift; path = AvatarThumbNailView.swift; sourceTree = "<group>"; };
		21931DF329DD77BE0013E421 /* ThumbnailView.swift */ = {isa = PBXFileReference; lastKnownFileType = sourcecode.swift; path = ThumbnailView.swift; sourceTree = "<group>"; };
		21931DF529DD78C80013E421 /* Thumbnail.swift */ = {isa = PBXFileReference; lastKnownFileType = sourcecode.swift; path = Thumbnail.swift; sourceTree = "<group>"; };
		21931DF829DDA34B0013E421 /* ConversationCardView.swift */ = {isa = PBXFileReference; lastKnownFileType = sourcecode.swift; path = ConversationCardView.swift; sourceTree = "<group>"; };
		21931DFA29DDA3A90013E421 /* ConversationCardContentsView.swift */ = {isa = PBXFileReference; lastKnownFileType = sourcecode.swift; path = ConversationCardContentsView.swift; sourceTree = "<group>"; };
		21931DFC29DDA4050013E421 /* Chatster.swift */ = {isa = PBXFileReference; lastKnownFileType = sourcecode.swift; path = Chatster.swift; sourceTree = "<group>"; };
		21C03AF429DA1BDF00C0153C /* AppState.swift */ = {isa = PBXFileReference; lastKnownFileType = sourcecode.swift; path = AppState.swift; sourceTree = "<group>"; };
		21C03AF729DA2D0100C0153C /* LoggedInView.swift */ = {isa = PBXFileReference; lastKnownFileType = sourcecode.swift; path = LoggedInView.swift; sourceTree = "<group>"; };
		21C03AFA29DA2E4400C0153C /* User.swift */ = {isa = PBXFileReference; lastKnownFileType = sourcecode.swift; path = User.swift; sourceTree = "<group>"; };
		21C03AFD29DB07C600C0153C /* LoginView.swift */ = {isa = PBXFileReference; lastKnownFileType = sourcecode.swift; path = LoginView.swift; sourceTree = "<group>"; };
		21C03B0029DB2E6000C0153C /* OpaqueProgressView.swift */ = {isa = PBXFileReference; lastKnownFileType = sourcecode.swift; path = OpaqueProgressView.swift; sourceTree = "<group>"; };
		21EB2CBB29DF23D1006C6286 /* MugShotGridView.swift */ = {isa = PBXFileReference; lastKnownFileType = sourcecode.swift; path = MugShotGridView.swift; sourceTree = "<group>"; };
		21EB2CBD29DF249F006C6286 /* UserAvatarView.swift */ = {isa = PBXFileReference; lastKnownFileType = sourcecode.swift; path = UserAvatarView.swift; sourceTree = "<group>"; };
		21EB2CBF29DF2591006C6286 /* ThumbnailPhotoView.swift */ = {isa = PBXFileReference; lastKnownFileType = sourcecode.swift; path = ThumbnailPhotoView.swift; sourceTree = "<group>"; };
		21EB2CC129DF2681006C6286 /* BlankPersonIconView.swift */ = {isa = PBXFileReference; lastKnownFileType = sourcecode.swift; path = BlankPersonIconView.swift; sourceTree = "<group>"; };
		21EB2CC329DF270F006C6286 /* OnOffCircleView.swift */ = {isa = PBXFileReference; lastKnownFileType = sourcecode.swift; path = OnOffCircleView.swift; sourceTree = "<group>"; };
		21EB2CC529DF412E006C6286 /* ChatRoomView.swift */ = {isa = PBXFileReference; lastKnownFileType = sourcecode.swift; path = ChatRoomView.swift; sourceTree = "<group>"; };
		21EB2CC829DF4284006C6286 /* ChatRoomBubblesView.swift */ = {isa = PBXFileReference; lastKnownFileType = sourcecode.swift; path = ChatRoomBubblesView.swift; sourceTree = "<group>"; };
		21EB2CCA29DF72D6006C6286 /* ChatMessage.swift */ = {isa = PBXFileReference; lastKnownFileType = sourcecode.swift; path = ChatMessage.swift; sourceTree = "<group>"; };
/* End PBXFileReference section */

/* Begin PBXFrameworksBuildPhase section */
		21606B8029D474B6004420E8 /* Frameworks */ = {
			isa = PBXFrameworksBuildPhase;
			buildActionMask = 2147483647;
			files = (
				21C03AF229DA1AEA00C0153C /* RealmSwift in Frameworks */,
				21606B9E29D8ED3B004420E8 /* Realm in Frameworks */,
			);
			runOnlyForDeploymentPostprocessing = 0;
		};
/* End PBXFrameworksBuildPhase section */

/* Begin PBXGroup section */
		21606B7A29D474B6004420E8 = {
			isa = PBXGroup;
			children = (
				21606B8529D474B6004420E8 /* ChatApp */,
				21606B8429D474B6004420E8 /* Products */,
				21C03AF029DA1AEA00C0153C /* Frameworks */,
			);
			sourceTree = "<group>";
		};
		21606B8429D474B6004420E8 /* Products */ = {
			isa = PBXGroup;
			children = (
				21606B8329D474B6004420E8 /* ChatApp.app */,
			);
			name = Products;
			sourceTree = "<group>";
		};
		21606B8529D474B6004420E8 /* ChatApp */ = {
			isa = PBXGroup;
			children = (
				21606B8629D474B6004420E8 /* ChatApp.swift */,
				21C03AF429DA1BDF00C0153C /* AppState.swift */,
				21931DE929DCAEE90013E421 /* CustomPreview */,
				21C03AF629DA1DCD00C0153C /* View */,
				21C03AF929DA2E3300C0153C /* Model */,
				21606B8C29D474B8004420E8 /* Preview Content */,
				21606B8A29D474B8004420E8 /* Assets.xcassets */,
			);
			path = ChatApp;
			sourceTree = "<group>";
		};
		21606B8C29D474B8004420E8 /* Preview Content */ = {
			isa = PBXGroup;
			children = (
				21606B8D29D474B8004420E8 /* Preview Assets.xcassets */,
			);
			path = "Preview Content";
			sourceTree = "<group>";
		};
		21931DDE29DC8ECB0013E421 /* Conversation */ = {
			isa = PBXGroup;
			children = (
				21EB2CC529DF412E006C6286 /* ChatRoomView.swift */,
				21931DDF29DC8ED80013E421 /* ConversationListView.swift */,
				21931DF829DDA34B0013E421 /* ConversationCardView.swift */,
				21931DFA29DDA3A90013E421 /* ConversationCardContentsView.swift */,
				21EB2CBB29DF23D1006C6286 /* MugShotGridView.swift */,
				21EB2CBD29DF249F006C6286 /* UserAvatarView.swift */,
				21EB2CC329DF270F006C6286 /* OnOffCircleView.swift */,
				21EB2CC129DF2681006C6286 /* BlankPersonIconView.swift */,
				21EB2CBF29DF2591006C6286 /* ThumbnailPhotoView.swift */,
			);
			path = Conversation;
			sourceTree = "<group>";
		};
		21931DE929DCAEE90013E421 /* CustomPreview */ = {
			isa = PBXGroup;
			children = (
				21931DEA29DCAEFD0013E421 /* SampleData.swift */,
			);
			path = CustomPreview;
			sourceTree = "<group>";
		};
		21931DEE29DD74C10013E421 /* Pictures */ = {
			isa = PBXGroup;
			children = (
				21931DEF29DD74D20013E421 /* AvatarButton.swift */,
				21931DF129DD774B0013E421 /* AvatarThumbNailView.swift */,
				21931DF329DD77BE0013E421 /* ThumbnailView.swift */,
				21931DF529DD78C80013E421 /* Thumbnail.swift */,
			);
			path = Pictures;
			sourceTree = "<group>";
		};
		21C03AF029DA1AEA00C0153C /* Frameworks */ = {
			isa = PBXGroup;
			children = (
			);
			name = Frameworks;
			sourceTree = "<group>";
		};
		21C03AF629DA1DCD00C0153C /* View */ = {
			isa = PBXGroup;
			children = (
				21C03AFF29DB2E4B00C0153C /* Components */,
				21606B8829D474B6004420E8 /* ContentView.swift */,
				21C03AF729DA2D0100C0153C /* LoggedInView.swift */,
				21EB2CC729DF4275006C6286 /* Chat Message */,
				21931DDE29DC8ECB0013E421 /* Conversation */,
				21C03AFC29DB07B500C0153C /* Account */,
			);
			path = View;
			sourceTree = "<group>";
		};
		21C03AF929DA2E3300C0153C /* Model */ = {
			isa = PBXGroup;
			children = (
				21C03AFA29DA2E4400C0153C /* User.swift */,
				21931DE529DCACE30013E421 /* UserPreference.swift */,
				21EB2CCA29DF72D6006C6286 /* ChatMessage.swift */,
				21931DE729DCAD6D0013E421 /* Photo.swift */,
				21931DFC29DDA4050013E421 /* Chatster.swift */,
				21931DE329DCAA890013E421 /* Member.swift */,
				21931DE129DCAA0C0013E421 /* Conversation.swift */,
			);
			path = Model;
			sourceTree = "<group>";
		};
		21C03AFC29DB07B500C0153C /* Account */ = {
			isa = PBXGroup;
			children = (
				21C03AFD29DB07C600C0153C /* LoginView.swift */,
				21931DDC29DC7AC90013E421 /* LogoutButton.swift */,
				21931DEC29DD70FF0013E421 /* SetUserProfileView.swift */,
			);
			path = Account;
			sourceTree = "<group>";
		};
		21C03AFF29DB2E4B00C0153C /* Components */ = {
			isa = PBXGroup;
			children = (
				21931DEE29DD74C10013E421 /* Pictures */,
				21C03B0029DB2E6000C0153C /* OpaqueProgressView.swift */,
				21931DDA29DC775F0013E421 /* CaptionLabel.swift */,
			);
			path = Components;
			sourceTree = "<group>";
		};
		21EB2CC729DF4275006C6286 /* Chat Message */ = {
			isa = PBXGroup;
			children = (
				21EB2CC829DF4284006C6286 /* ChatRoomBubblesView.swift */,
				2145FD4E29E3794D00B84E5C /* ChatBubbleView.swift */,
			);
			path = "Chat Message";
			sourceTree = "<group>";
		};
/* End PBXGroup section */

/* Begin PBXNativeTarget section */
		21606B8229D474B6004420E8 /* ChatApp */ = {
			isa = PBXNativeTarget;
			buildConfigurationList = 21606B9129D474B8004420E8 /* Build configuration list for PBXNativeTarget "ChatApp" */;
			buildPhases = (
				21606B7F29D474B6004420E8 /* Sources */,
				21606B8029D474B6004420E8 /* Frameworks */,
				21606B8129D474B6004420E8 /* Resources */,
				21C03AF329DA1B8600C0153C /* Swift Lint */,
			);
			buildRules = (
			);
			dependencies = (
			);
			name = ChatApp;
			packageProductDependencies = (
				21606B9D29D8ED3B004420E8 /* Realm */,
				21C03AF129DA1AEA00C0153C /* RealmSwift */,
			);
			productName = ChatApp;
			productReference = 21606B8329D474B6004420E8 /* ChatApp.app */;
			productType = "com.apple.product-type.application";
		};
/* End PBXNativeTarget section */

/* Begin PBXProject section */
		21606B7B29D474B6004420E8 /* Project object */ = {
			isa = PBXProject;
			attributes = {
				BuildIndependentTargetsInParallel = 1;
				LastSwiftUpdateCheck = 1400;
				LastUpgradeCheck = 1400;
				TargetAttributes = {
					21606B8229D474B6004420E8 = {
						CreatedOnToolsVersion = 14.0;
					};
				};
			};
			buildConfigurationList = 21606B7E29D474B6004420E8 /* Build configuration list for PBXProject "ChatApp" */;
			compatibilityVersion = "Xcode 14.0";
			developmentRegion = en;
			hasScannedForEncodings = 0;
			knownRegions = (
				en,
				Base,
			);
			mainGroup = 21606B7A29D474B6004420E8;
			packageReferences = (
				21606B9C29D8ED3B004420E8 /* XCRemoteSwiftPackageReference "realm-cocoa" */,
			);
			productRefGroup = 21606B8429D474B6004420E8 /* Products */;
			projectDirPath = "";
			projectRoot = "";
			targets = (
				21606B8229D474B6004420E8 /* ChatApp */,
			);
		};
/* End PBXProject section */

/* Begin PBXResourcesBuildPhase section */
		21606B8129D474B6004420E8 /* Resources */ = {
			isa = PBXResourcesBuildPhase;
			buildActionMask = 2147483647;
			files = (
				21606B8E29D474B8004420E8 /* Preview Assets.xcassets in Resources */,
				21606B8B29D474B8004420E8 /* Assets.xcassets in Resources */,
			);
			runOnlyForDeploymentPostprocessing = 0;
		};
/* End PBXResourcesBuildPhase section */

/* Begin PBXShellScriptBuildPhase section */
		21C03AF329DA1B8600C0153C /* Swift Lint */ = {
			isa = PBXShellScriptBuildPhase;
			alwaysOutOfDate = 1;
			buildActionMask = 2147483647;
			files = (
			);
			inputFileListPaths = (
			);
			inputPaths = (
			);
			name = "Swift Lint";
			outputFileListPaths = (
			);
			outputPaths = (
			);
			runOnlyForDeploymentPostprocessing = 0;
			shellPath = /bin/sh;
			shellScript = "export PATH=\"$PATH:/opt/homebrew/bin\"\nif which swiftlint >/dev/null; then\n  swiftlint\nelse\n  echo \"warning: SwiftLint not installed, download from https://github.com/realm/SwiftLint\"\nfi\n";
		};
/* End PBXShellScriptBuildPhase section */

/* Begin PBXSourcesBuildPhase section */
		21606B7F29D474B6004420E8 /* Sources */ = {
			isa = PBXSourcesBuildPhase;
			buildActionMask = 2147483647;
			files = (
				21931DFD29DDA4050013E421 /* Chatster.swift in Sources */,
				21931DE829DCAD6D0013E421 /* Photo.swift in Sources */,
				21C03AFE29DB07C600C0153C /* LoginView.swift in Sources */,
				21C03AF529DA1BDF00C0153C /* AppState.swift in Sources */,
				21EB2CCB29DF72D6006C6286 /* ChatMessage.swift in Sources */,
				21EB2CC229DF2681006C6286 /* BlankPersonIconView.swift in Sources */,
				21931DF929DDA34B0013E421 /* ConversationCardView.swift in Sources */,
				21C03AF829DA2D0100C0153C /* LoggedInView.swift in Sources */,
				21931DF229DD774B0013E421 /* AvatarThumbNailView.swift in Sources */,
				21931DDB29DC775F0013E421 /* CaptionLabel.swift in Sources */,
				21EB2CBC29DF23D1006C6286 /* MugShotGridView.swift in Sources */,
				21931DF629DD78C80013E421 /* Thumbnail.swift in Sources */,
				21606B8929D474B6004420E8 /* ContentView.swift in Sources */,
				21931DF429DD77BE0013E421 /* ThumbnailView.swift in Sources */,
				21931DE229DCAA0C0013E421 /* Conversation.swift in Sources */,
				21931DE029DC8ED80013E421 /* ConversationListView.swift in Sources */,
				21EB2CC029DF2591006C6286 /* ThumbnailPhotoView.swift in Sources */,
				21931DE429DCAA890013E421 /* Member.swift in Sources */,
				21EB2CC429DF270F006C6286 /* OnOffCircleView.swift in Sources */,
				21EB2CC629DF412E006C6286 /* ChatRoomView.swift in Sources */,
				21C03B0129DB2E6000C0153C /* OpaqueProgressView.swift in Sources */,
				21931DED29DD70FF0013E421 /* SetUserProfileView.swift in Sources */,
				21C03AFB29DA2E4400C0153C /* User.swift in Sources */,
				2145FD4F29E3794D00B84E5C /* ChatBubbleView.swift in Sources */,
				21931DDD29DC7AC90013E421 /* LogoutButton.swift in Sources */,
				21931DE629DCACE30013E421 /* UserPreference.swift in Sources */,
				21931DEB29DCAEFD0013E421 /* SampleData.swift in Sources */,
				21931DFB29DDA3A90013E421 /* ConversationCardContentsView.swift in Sources */,
				21EB2CBE29DF249F006C6286 /* UserAvatarView.swift in Sources */,
				21EB2CC929DF4284006C6286 /* ChatRoomBubblesView.swift in Sources */,
				21931DF029DD74D20013E421 /* AvatarButton.swift in Sources */,
				21606B8729D474B6004420E8 /* ChatApp.swift in Sources */,
			);
			runOnlyForDeploymentPostprocessing = 0;
		};
/* End PBXSourcesBuildPhase section */

/* Begin XCBuildConfiguration section */
		21606B8F29D474B8004420E8 /* Debug */ = {
			isa = XCBuildConfiguration;
			buildSettings = {
				ALWAYS_SEARCH_USER_PATHS = NO;
				CLANG_ANALYZER_NONNULL = YES;
				CLANG_ANALYZER_NUMBER_OBJECT_CONVERSION = YES_AGGRESSIVE;
				CLANG_CXX_LANGUAGE_STANDARD = "gnu++20";
				CLANG_ENABLE_MODULES = YES;
				CLANG_ENABLE_OBJC_ARC = YES;
				CLANG_ENABLE_OBJC_WEAK = YES;
				CLANG_WARN_BLOCK_CAPTURE_AUTORELEASING = YES;
				CLANG_WARN_BOOL_CONVERSION = YES;
				CLANG_WARN_COMMA = YES;
				CLANG_WARN_CONSTANT_CONVERSION = YES;
				CLANG_WARN_DEPRECATED_OBJC_IMPLEMENTATIONS = YES;
				CLANG_WARN_DIRECT_OBJC_ISA_USAGE = YES_ERROR;
				CLANG_WARN_DOCUMENTATION_COMMENTS = YES;
				CLANG_WARN_EMPTY_BODY = YES;
				CLANG_WARN_ENUM_CONVERSION = YES;
				CLANG_WARN_INFINITE_RECURSION = YES;
				CLANG_WARN_INT_CONVERSION = YES;
				CLANG_WARN_NON_LITERAL_NULL_CONVERSION = YES;
				CLANG_WARN_OBJC_IMPLICIT_RETAIN_SELF = YES;
				CLANG_WARN_OBJC_LITERAL_CONVERSION = YES;
				CLANG_WARN_OBJC_ROOT_CLASS = YES_ERROR;
				CLANG_WARN_QUOTED_INCLUDE_IN_FRAMEWORK_HEADER = YES;
				CLANG_WARN_RANGE_LOOP_ANALYSIS = YES;
				CLANG_WARN_STRICT_PROTOTYPES = YES;
				CLANG_WARN_SUSPICIOUS_MOVE = YES;
				CLANG_WARN_UNGUARDED_AVAILABILITY = YES_AGGRESSIVE;
				CLANG_WARN_UNREACHABLE_CODE = YES;
				CLANG_WARN__DUPLICATE_METHOD_MATCH = YES;
				COPY_PHASE_STRIP = NO;
				DEBUG_INFORMATION_FORMAT = dwarf;
				ENABLE_STRICT_OBJC_MSGSEND = YES;
				ENABLE_TESTABILITY = YES;
				GCC_C_LANGUAGE_STANDARD = gnu11;
				GCC_DYNAMIC_NO_PIC = NO;
				GCC_NO_COMMON_BLOCKS = YES;
				GCC_OPTIMIZATION_LEVEL = 0;
				GCC_PREPROCESSOR_DEFINITIONS = (
					"DEBUG=1",
					"$(inherited)",
				);
				GCC_WARN_64_TO_32_BIT_CONVERSION = YES;
				GCC_WARN_ABOUT_RETURN_TYPE = YES_ERROR;
				GCC_WARN_UNDECLARED_SELECTOR = YES;
				GCC_WARN_UNINITIALIZED_AUTOS = YES_AGGRESSIVE;
				GCC_WARN_UNUSED_FUNCTION = YES;
				GCC_WARN_UNUSED_VARIABLE = YES;
				IPHONEOS_DEPLOYMENT_TARGET = 16.0;
				MTL_ENABLE_DEBUG_INFO = INCLUDE_SOURCE;
				MTL_FAST_MATH = YES;
				ONLY_ACTIVE_ARCH = YES;
				SDKROOT = iphoneos;
				SWIFT_ACTIVE_COMPILATION_CONDITIONS = DEBUG;
				SWIFT_OPTIMIZATION_LEVEL = "-Onone";
			};
			name = Debug;
		};
		21606B9029D474B8004420E8 /* Release */ = {
			isa = XCBuildConfiguration;
			buildSettings = {
				ALWAYS_SEARCH_USER_PATHS = NO;
				CLANG_ANALYZER_NONNULL = YES;
				CLANG_ANALYZER_NUMBER_OBJECT_CONVERSION = YES_AGGRESSIVE;
				CLANG_CXX_LANGUAGE_STANDARD = "gnu++20";
				CLANG_ENABLE_MODULES = YES;
				CLANG_ENABLE_OBJC_ARC = YES;
				CLANG_ENABLE_OBJC_WEAK = YES;
				CLANG_WARN_BLOCK_CAPTURE_AUTORELEASING = YES;
				CLANG_WARN_BOOL_CONVERSION = YES;
				CLANG_WARN_COMMA = YES;
				CLANG_WARN_CONSTANT_CONVERSION = YES;
				CLANG_WARN_DEPRECATED_OBJC_IMPLEMENTATIONS = YES;
				CLANG_WARN_DIRECT_OBJC_ISA_USAGE = YES_ERROR;
				CLANG_WARN_DOCUMENTATION_COMMENTS = YES;
				CLANG_WARN_EMPTY_BODY = YES;
				CLANG_WARN_ENUM_CONVERSION = YES;
				CLANG_WARN_INFINITE_RECURSION = YES;
				CLANG_WARN_INT_CONVERSION = YES;
				CLANG_WARN_NON_LITERAL_NULL_CONVERSION = YES;
				CLANG_WARN_OBJC_IMPLICIT_RETAIN_SELF = YES;
				CLANG_WARN_OBJC_LITERAL_CONVERSION = YES;
				CLANG_WARN_OBJC_ROOT_CLASS = YES_ERROR;
				CLANG_WARN_QUOTED_INCLUDE_IN_FRAMEWORK_HEADER = YES;
				CLANG_WARN_RANGE_LOOP_ANALYSIS = YES;
				CLANG_WARN_STRICT_PROTOTYPES = YES;
				CLANG_WARN_SUSPICIOUS_MOVE = YES;
				CLANG_WARN_UNGUARDED_AVAILABILITY = YES_AGGRESSIVE;
				CLANG_WARN_UNREACHABLE_CODE = YES;
				CLANG_WARN__DUPLICATE_METHOD_MATCH = YES;
				COPY_PHASE_STRIP = NO;
				DEBUG_INFORMATION_FORMAT = "dwarf-with-dsym";
				ENABLE_NS_ASSERTIONS = NO;
				ENABLE_STRICT_OBJC_MSGSEND = YES;
				GCC_C_LANGUAGE_STANDARD = gnu11;
				GCC_NO_COMMON_BLOCKS = YES;
				GCC_WARN_64_TO_32_BIT_CONVERSION = YES;
				GCC_WARN_ABOUT_RETURN_TYPE = YES_ERROR;
				GCC_WARN_UNDECLARED_SELECTOR = YES;
				GCC_WARN_UNINITIALIZED_AUTOS = YES_AGGRESSIVE;
				GCC_WARN_UNUSED_FUNCTION = YES;
				GCC_WARN_UNUSED_VARIABLE = YES;
				IPHONEOS_DEPLOYMENT_TARGET = 16.0;
				MTL_ENABLE_DEBUG_INFO = NO;
				MTL_FAST_MATH = YES;
				SDKROOT = iphoneos;
				SWIFT_COMPILATION_MODE = wholemodule;
				SWIFT_OPTIMIZATION_LEVEL = "-O";
				VALIDATE_PRODUCT = YES;
			};
			name = Release;
		};
		21606B9229D474B8004420E8 /* Debug */ = {
			isa = XCBuildConfiguration;
			buildSettings = {
				ASSETCATALOG_COMPILER_APPICON_NAME = AppIcon;
				ASSETCATALOG_COMPILER_GLOBAL_ACCENT_COLOR_NAME = AccentColor;
				CODE_SIGN_STYLE = Automatic;
				CURRENT_PROJECT_VERSION = 1;
				DEVELOPMENT_ASSET_PATHS = "\"ChatApp/Preview Content\"";
				ENABLE_PREVIEWS = YES;
				GENERATE_INFOPLIST_FILE = YES;
				INFOPLIST_KEY_UIApplicationSceneManifest_Generation = YES;
				INFOPLIST_KEY_UIApplicationSupportsIndirectInputEvents = YES;
				INFOPLIST_KEY_UILaunchScreen_Generation = YES;
				INFOPLIST_KEY_UISupportedInterfaceOrientations_iPad = "UIInterfaceOrientationPortrait UIInterfaceOrientationPortraitUpsideDown UIInterfaceOrientationLandscapeLeft UIInterfaceOrientationLandscapeRight";
				INFOPLIST_KEY_UISupportedInterfaceOrientations_iPhone = "UIInterfaceOrientationPortrait UIInterfaceOrientationLandscapeLeft UIInterfaceOrientationLandscapeRight";
				LD_RUNPATH_SEARCH_PATHS = (
					"$(inherited)",
					"@executable_path/Frameworks",
				);
				MARKETING_VERSION = 1.0;
				PRODUCT_BUNDLE_IDENTIFIER = owen.ChatApp;
				PRODUCT_NAME = "$(TARGET_NAME)";
				SWIFT_EMIT_LOC_STRINGS = YES;
				SWIFT_VERSION = 5.0;
				TARGETED_DEVICE_FAMILY = "1,2";
			};
			name = Debug;
		};
		21606B9329D474B8004420E8 /* Release */ = {
			isa = XCBuildConfiguration;
			buildSettings = {
				ASSETCATALOG_COMPILER_APPICON_NAME = AppIcon;
				ASSETCATALOG_COMPILER_GLOBAL_ACCENT_COLOR_NAME = AccentColor;
				CODE_SIGN_STYLE = Automatic;
				CURRENT_PROJECT_VERSION = 1;
				DEVELOPMENT_ASSET_PATHS = "\"ChatApp/Preview Content\"";
				ENABLE_PREVIEWS = YES;
				GENERATE_INFOPLIST_FILE = YES;
				INFOPLIST_KEY_UIApplicationSceneManifest_Generation = YES;
				INFOPLIST_KEY_UIApplicationSupportsIndirectInputEvents = YES;
				INFOPLIST_KEY_UILaunchScreen_Generation = YES;
				INFOPLIST_KEY_UISupportedInterfaceOrientations_iPad = "UIInterfaceOrientationPortrait UIInterfaceOrientationPortraitUpsideDown UIInterfaceOrientationLandscapeLeft UIInterfaceOrientationLandscapeRight";
				INFOPLIST_KEY_UISupportedInterfaceOrientations_iPhone = "UIInterfaceOrientationPortrait UIInterfaceOrientationLandscapeLeft UIInterfaceOrientationLandscapeRight";
				LD_RUNPATH_SEARCH_PATHS = (
					"$(inherited)",
					"@executable_path/Frameworks",
				);
				MARKETING_VERSION = 1.0;
				PRODUCT_BUNDLE_IDENTIFIER = owen.ChatApp;
				PRODUCT_NAME = "$(TARGET_NAME)";
				SWIFT_EMIT_LOC_STRINGS = YES;
				SWIFT_VERSION = 5.0;
				TARGETED_DEVICE_FAMILY = "1,2";
			};
			name = Release;
		};
/* End XCBuildConfiguration section */

/* Begin XCConfigurationList section */
		21606B7E29D474B6004420E8 /* Build configuration list for PBXProject "ChatApp" */ = {
			isa = XCConfigurationList;
			buildConfigurations = (
				21606B8F29D474B8004420E8 /* Debug */,
				21606B9029D474B8004420E8 /* Release */,
			);
			defaultConfigurationIsVisible = 0;
			defaultConfigurationName = Release;
		};
		21606B9129D474B8004420E8 /* Build configuration list for PBXNativeTarget "ChatApp" */ = {
			isa = XCConfigurationList;
			buildConfigurations = (
				21606B9229D474B8004420E8 /* Debug */,
				21606B9329D474B8004420E8 /* Release */,
			);
			defaultConfigurationIsVisible = 0;
			defaultConfigurationName = Release;
		};
/* End XCConfigurationList section */

/* Begin XCRemoteSwiftPackageReference section */
		21606B9C29D8ED3B004420E8 /* XCRemoteSwiftPackageReference "realm-cocoa" */ = {
			isa = XCRemoteSwiftPackageReference;
			repositoryURL = "https://github.com/realm/realm-cocoa.git";
			requirement = {
				branch = master;
				kind = branch;
			};
		};
/* End XCRemoteSwiftPackageReference section */

/* Begin XCSwiftPackageProductDependency section */
		21606B9D29D8ED3B004420E8 /* Realm */ = {
			isa = XCSwiftPackageProductDependency;
			package = 21606B9C29D8ED3B004420E8 /* XCRemoteSwiftPackageReference "realm-cocoa" */;
			productName = Realm;
		};
		21C03AF129DA1AEA00C0153C /* RealmSwift */ = {
			isa = XCSwiftPackageProductDependency;
			package = 21606B9C29D8ED3B004420E8 /* XCRemoteSwiftPackageReference "realm-cocoa" */;
			productName = RealmSwift;
		};
/* End XCSwiftPackageProductDependency section */
	};
	rootObject = 21606B7B29D474B6004420E8 /* Project object */;
}
