// !$*UTF8*$!
{
	archiveVersion = 1;
	classes = {
	};
	objectVersion = 56;
	objects = {

/* Begin PBXBuildFile section */
		210B335C29A961F70044079F /* AppDelegate.swift in Sources */ = {isa = PBXBuildFile; fileRef = 210B335B29A961F70044079F /* AppDelegate.swift */; };
		210B335E29A961F70044079F /* SceneDelegate.swift in Sources */ = {isa = PBXBuildFile; fileRef = 210B335D29A961F70044079F /* SceneDelegate.swift */; };
		210B336029A961F70044079F /* ViewController.swift in Sources */ = {isa = PBXBuildFile; fileRef = 210B335F29A961F70044079F /* ViewController.swift */; };
		210B336329A961F70044079F /* Main.storyboard in Resources */ = {isa = PBXBuildFile; fileRef = 210B336129A961F70044079F /* Main.storyboard */; };
		210B336529A961F90044079F /* Assets.xcassets in Resources */ = {isa = PBXBuildFile; fileRef = 210B336429A961F90044079F /* Assets.xcassets */; };
		210B336829A961F90044079F /* LaunchScreen.storyboard in Resources */ = {isa = PBXBuildFile; fileRef = 210B336629A961F90044079F /* LaunchScreen.storyboard */; };
		210B337229A969C30044079F /* RightFirstBubbleTableViewCell.swift in Sources */ = {isa = PBXBuildFile; fileRef = 210B337029A969C30044079F /* RightFirstBubbleTableViewCell.swift */; };
		210B337329A969C30044079F /* RightFirstBubbleTableViewCell.xib in Resources */ = {isa = PBXBuildFile; fileRef = 210B337129A969C30044079F /* RightFirstBubbleTableViewCell.xib */; };
		21D89CC629ACED0B0026D8FC /* RightOthersBubbleTableViewCell.swift in Sources */ = {isa = PBXBuildFile; fileRef = 21D89CC429ACED0B0026D8FC /* RightOthersBubbleTableViewCell.swift */; };
		21D89CC729ACED0B0026D8FC /* RightOthersBubbleTableViewCell.xib in Resources */ = {isa = PBXBuildFile; fileRef = 21D89CC529ACED0B0026D8FC /* RightOthersBubbleTableViewCell.xib */; };
		21D89CCA29AE059F0026D8FC /* LeftFirstBubbleTableViewCell.swift in Sources */ = {isa = PBXBuildFile; fileRef = 21D89CC829AE059F0026D8FC /* LeftFirstBubbleTableViewCell.swift */; };
		21D89CCB29AE059F0026D8FC /* LeftFirstBubbleTableViewCell.xib in Resources */ = {isa = PBXBuildFile; fileRef = 21D89CC929AE059F0026D8FC /* LeftFirstBubbleTableViewCell.xib */; };
		21D89CCE29AE0C6F0026D8FC /* LeftOthersBubbleTableViewCell.swift in Sources */ = {isa = PBXBuildFile; fileRef = 21D89CCC29AE0C6F0026D8FC /* LeftOthersBubbleTableViewCell.swift */; };
		21D89CCF29AE0C6F0026D8FC /* LeftOthersBubbleTableViewCell.xib in Resources */ = {isa = PBXBuildFile; fileRef = 21D89CCD29AE0C6F0026D8FC /* LeftOthersBubbleTableViewCell.xib */; };
/* End PBXBuildFile section */

/* Begin PBXFileReference section */
		210B335829A961F70044079F /* ChatApp.app */ = {isa = PBXFileReference; explicitFileType = wrapper.application; includeInIndex = 0; path = ChatApp.app; sourceTree = BUILT_PRODUCTS_DIR; };
		210B335B29A961F70044079F /* AppDelegate.swift */ = {isa = PBXFileReference; lastKnownFileType = sourcecode.swift; path = AppDelegate.swift; sourceTree = "<group>"; };
		210B335D29A961F70044079F /* SceneDelegate.swift */ = {isa = PBXFileReference; lastKnownFileType = sourcecode.swift; path = SceneDelegate.swift; sourceTree = "<group>"; };
		210B335F29A961F70044079F /* ViewController.swift */ = {isa = PBXFileReference; lastKnownFileType = sourcecode.swift; path = ViewController.swift; sourceTree = "<group>"; };
		210B336229A961F70044079F /* Base */ = {isa = PBXFileReference; lastKnownFileType = file.storyboard; name = Base; path = Base.lproj/Main.storyboard; sourceTree = "<group>"; };
		210B336429A961F90044079F /* Assets.xcassets */ = {isa = PBXFileReference; lastKnownFileType = folder.assetcatalog; path = Assets.xcassets; sourceTree = "<group>"; };
		210B336729A961F90044079F /* Base */ = {isa = PBXFileReference; lastKnownFileType = file.storyboard; name = Base; path = Base.lproj/LaunchScreen.storyboard; sourceTree = "<group>"; };
		210B336929A961F90044079F /* Info.plist */ = {isa = PBXFileReference; lastKnownFileType = text.plist.xml; path = Info.plist; sourceTree = "<group>"; };
		210B337029A969C30044079F /* RightFirstBubbleTableViewCell.swift */ = {isa = PBXFileReference; lastKnownFileType = sourcecode.swift; path = RightFirstBubbleTableViewCell.swift; sourceTree = "<group>"; };
		210B337129A969C30044079F /* RightFirstBubbleTableViewCell.xib */ = {isa = PBXFileReference; lastKnownFileType = file.xib; path = RightFirstBubbleTableViewCell.xib; sourceTree = "<group>"; };
		21D89CC429ACED0B0026D8FC /* RightOthersBubbleTableViewCell.swift */ = {isa = PBXFileReference; lastKnownFileType = sourcecode.swift; path = RightOthersBubbleTableViewCell.swift; sourceTree = "<group>"; };
		21D89CC529ACED0B0026D8FC /* RightOthersBubbleTableViewCell.xib */ = {isa = PBXFileReference; lastKnownFileType = file.xib; path = RightOthersBubbleTableViewCell.xib; sourceTree = "<group>"; };
		21D89CC829AE059F0026D8FC /* LeftFirstBubbleTableViewCell.swift */ = {isa = PBXFileReference; lastKnownFileType = sourcecode.swift; path = LeftFirstBubbleTableViewCell.swift; sourceTree = "<group>"; };
		21D89CC929AE059F0026D8FC /* LeftFirstBubbleTableViewCell.xib */ = {isa = PBXFileReference; lastKnownFileType = file.xib; path = LeftFirstBubbleTableViewCell.xib; sourceTree = "<group>"; };
		21D89CCC29AE0C6F0026D8FC /* LeftOthersBubbleTableViewCell.swift */ = {isa = PBXFileReference; lastKnownFileType = sourcecode.swift; path = LeftOthersBubbleTableViewCell.swift; sourceTree = "<group>"; };
		21D89CCD29AE0C6F0026D8FC /* LeftOthersBubbleTableViewCell.xib */ = {isa = PBXFileReference; lastKnownFileType = file.xib; path = LeftOthersBubbleTableViewCell.xib; sourceTree = "<group>"; };
/* End PBXFileReference section */

/* Begin PBXFrameworksBuildPhase section */
		210B335529A961F70044079F /* Frameworks */ = {
			isa = PBXFrameworksBuildPhase;
			buildActionMask = 2147483647;
			files = (
			);
			runOnlyForDeploymentPostprocessing = 0;
		};
/* End PBXFrameworksBuildPhase section */

/* Begin PBXGroup section */
		210B334F29A961F70044079F = {
			isa = PBXGroup;
			children = (
				210B335A29A961F70044079F /* ChatApp */,
				210B335929A961F70044079F /* Products */,
			);
			sourceTree = "<group>";
		};
		210B335929A961F70044079F /* Products */ = {
			isa = PBXGroup;
			children = (
				210B335829A961F70044079F /* ChatApp.app */,
			);
			name = Products;
			sourceTree = "<group>";
		};
		210B335A29A961F70044079F /* ChatApp */ = {
			isa = PBXGroup;
			children = (
				210B335B29A961F70044079F /* AppDelegate.swift */,
				210B335D29A961F70044079F /* SceneDelegate.swift */,
				210B335F29A961F70044079F /* ViewController.swift */,
				210B336F29A969240044079F /* Cell */,
				210B336129A961F70044079F /* Main.storyboard */,
				210B336429A961F90044079F /* Assets.xcassets */,
				210B336629A961F90044079F /* LaunchScreen.storyboard */,
				210B336929A961F90044079F /* Info.plist */,
			);
			path = ChatApp;
			sourceTree = "<group>";
		};
		210B336F29A969240044079F /* Cell */ = {
			isa = PBXGroup;
			children = (
				21D89CC429ACED0B0026D8FC /* RightOthersBubbleTableViewCell.swift */,
				21D89CC529ACED0B0026D8FC /* RightOthersBubbleTableViewCell.xib */,
				210B337029A969C30044079F /* RightFirstBubbleTableViewCell.swift */,
				210B337129A969C30044079F /* RightFirstBubbleTableViewCell.xib */,
				21D89CC829AE059F0026D8FC /* LeftFirstBubbleTableViewCell.swift */,
				21D89CC929AE059F0026D8FC /* LeftFirstBubbleTableViewCell.xib */,
				21D89CCC29AE0C6F0026D8FC /* LeftOthersBubbleTableViewCell.swift */,
				21D89CCD29AE0C6F0026D8FC /* LeftOthersBubbleTableViewCell.xib */,
			);
			path = Cell;
			sourceTree = "<group>";
		};
/* End PBXGroup section */

/* Begin PBXNativeTarget section */
		210B335729A961F70044079F /* ChatApp */ = {
			isa = PBXNativeTarget;
			buildConfigurationList = 210B336C29A961F90044079F /* Build configuration list for PBXNativeTarget "ChatApp" */;
			buildPhases = (
				210B335429A961F70044079F /* Sources */,
				210B335529A961F70044079F /* Frameworks */,
				210B335629A961F70044079F /* Resources */,
			);
			buildRules = (
			);
			dependencies = (
			);
			name = ChatApp;
			productName = ChatApp;
			productReference = 210B335829A961F70044079F /* ChatApp.app */;
			productType = "com.apple.product-type.application";
		};
/* End PBXNativeTarget section */

/* Begin PBXProject section */
		210B335029A961F70044079F /* Project object */ = {
			isa = PBXProject;
			attributes = {
				BuildIndependentTargetsInParallel = 1;
				LastSwiftUpdateCheck = 1400;
				LastUpgradeCheck = 1400;
				TargetAttributes = {
					210B335729A961F70044079F = {
						CreatedOnToolsVersion = 14.0;
					};
				};
			};
			buildConfigurationList = 210B335329A961F70044079F /* Build configuration list for PBXProject "ChatApp" */;
			compatibilityVersion = "Xcode 14.0";
			developmentRegion = en;
			hasScannedForEncodings = 0;
			knownRegions = (
				en,
				Base,
			);
			mainGroup = 210B334F29A961F70044079F;
			productRefGroup = 210B335929A961F70044079F /* Products */;
			projectDirPath = "";
			projectRoot = "";
			targets = (
				210B335729A961F70044079F /* ChatApp */,
			);
		};
/* End PBXProject section */

/* Begin PBXResourcesBuildPhase section */
		210B335629A961F70044079F /* Resources */ = {
			isa = PBXResourcesBuildPhase;
			buildActionMask = 2147483647;
			files = (
				21D89CC729ACED0B0026D8FC /* RightOthersBubbleTableViewCell.xib in Resources */,
				21D89CCF29AE0C6F0026D8FC /* LeftOthersBubbleTableViewCell.xib in Resources */,
				210B336829A961F90044079F /* LaunchScreen.storyboard in Resources */,
				21D89CCB29AE059F0026D8FC /* LeftFirstBubbleTableViewCell.xib in Resources */,
				210B337329A969C30044079F /* RightFirstBubbleTableViewCell.xib in Resources */,
				210B336529A961F90044079F /* Assets.xcassets in Resources */,
				210B336329A961F70044079F /* Main.storyboard in Resources */,
			);
			runOnlyForDeploymentPostprocessing = 0;
		};
/* End PBXResourcesBuildPhase section */

/* Begin PBXSourcesBuildPhase section */
		210B335429A961F70044079F /* Sources */ = {
			isa = PBXSourcesBuildPhase;
			buildActionMask = 2147483647;
			files = (
				210B336029A961F70044079F /* ViewController.swift in Sources */,
				210B337229A969C30044079F /* RightFirstBubbleTableViewCell.swift in Sources */,
				21D89CC629ACED0B0026D8FC /* RightOthersBubbleTableViewCell.swift in Sources */,
				21D89CCE29AE0C6F0026D8FC /* LeftOthersBubbleTableViewCell.swift in Sources */,
				210B335C29A961F70044079F /* AppDelegate.swift in Sources */,
				210B335E29A961F70044079F /* SceneDelegate.swift in Sources */,
				21D89CCA29AE059F0026D8FC /* LeftFirstBubbleTableViewCell.swift in Sources */,
			);
			runOnlyForDeploymentPostprocessing = 0;
		};
/* End PBXSourcesBuildPhase section */

/* Begin PBXVariantGroup section */
		210B336129A961F70044079F /* Main.storyboard */ = {
			isa = PBXVariantGroup;
			children = (
				210B336229A961F70044079F /* Base */,
			);
			name = Main.storyboard;
			sourceTree = "<group>";
		};
		210B336629A961F90044079F /* LaunchScreen.storyboard */ = {
			isa = PBXVariantGroup;
			children = (
				210B336729A961F90044079F /* Base */,
			);
			name = LaunchScreen.storyboard;
			sourceTree = "<group>";
		};
/* End PBXVariantGroup section */

/* Begin XCBuildConfiguration section */
		210B336A29A961F90044079F /* Debug */ = {
			isa = XCBuildConfiguration;
			buildSettings = {
				ALWAYS_SEARCH_USER_PATHS = NO;
				CLANG_ANALYZER_NONNULL = YES;
				CLANG_ANALYZER_NUMBER_OBJECT_CONVERSION = YES_AGGRESSIVE;
				CLANG_CXX_LANGUAGE_STANDARD = "gnu++20";
				CLANG_ENABLE_MODULES = YES;
				CLANG_ENABLE_OBJC_ARC = YES;
				CLANG_ENABLE_OBJC_WEAK = YES;
				CLANG_WARN_BLOCK_CAPTURE_AUTORELEASING = YES;
				CLANG_WARN_BOOL_CONVERSION = YES;
				CLANG_WARN_COMMA = YES;
				CLANG_WARN_CONSTANT_CONVERSION = YES;
				CLANG_WARN_DEPRECATED_OBJC_IMPLEMENTATIONS = YES;
				CLANG_WARN_DIRECT_OBJC_ISA_USAGE = YES_ERROR;
				CLANG_WARN_DOCUMENTATION_COMMENTS = YES;
				CLANG_WARN_EMPTY_BODY = YES;
				CLANG_WARN_ENUM_CONVERSION = YES;
				CLANG_WARN_INFINITE_RECURSION = YES;
				CLANG_WARN_INT_CONVERSION = YES;
				CLANG_WARN_NON_LITERAL_NULL_CONVERSION = YES;
				CLANG_WARN_OBJC_IMPLICIT_RETAIN_SELF = YES;
				CLANG_WARN_OBJC_LITERAL_CONVERSION = YES;
				CLANG_WARN_OBJC_ROOT_CLASS = YES_ERROR;
				CLANG_WARN_QUOTED_INCLUDE_IN_FRAMEWORK_HEADER = YES;
				CLANG_WARN_RANGE_LOOP_ANALYSIS = YES;
				CLANG_WARN_STRICT_PROTOTYPES = YES;
				CLANG_WARN_SUSPICIOUS_MOVE = YES;
				CLANG_WARN_UNGUARDED_AVAILABILITY = YES_AGGRESSIVE;
				CLANG_WARN_UNREACHABLE_CODE = YES;
				CLANG_WARN__DUPLICATE_METHOD_MATCH = YES;
				COPY_PHASE_STRIP = NO;
				DEBUG_INFORMATION_FORMAT = dwarf;
				ENABLE_STRICT_OBJC_MSGSEND = YES;
				ENABLE_TESTABILITY = YES;
				GCC_C_LANGUAGE_STANDARD = gnu11;
				GCC_DYNAMIC_NO_PIC = NO;
				GCC_NO_COMMON_BLOCKS = YES;
				GCC_OPTIMIZATION_LEVEL = 0;
				GCC_PREPROCESSOR_DEFINITIONS = (
					"DEBUG=1",
					"$(inherited)",
				);
				GCC_WARN_64_TO_32_BIT_CONVERSION = YES;
				GCC_WARN_ABOUT_RETURN_TYPE = YES_ERROR;
				GCC_WARN_UNDECLARED_SELECTOR = YES;
				GCC_WARN_UNINITIALIZED_AUTOS = YES_AGGRESSIVE;
				GCC_WARN_UNUSED_FUNCTION = YES;
				GCC_WARN_UNUSED_VARIABLE = YES;
				IPHONEOS_DEPLOYMENT_TARGET = 16.0;
				MTL_ENABLE_DEBUG_INFO = INCLUDE_SOURCE;
				MTL_FAST_MATH = YES;
				ONLY_ACTIVE_ARCH = YES;
				SDKROOT = iphoneos;
				SWIFT_ACTIVE_COMPILATION_CONDITIONS = DEBUG;
				SWIFT_OPTIMIZATION_LEVEL = "-Onone";
			};
			name = Debug;
		};
		210B336B29A961F90044079F /* Release */ = {
			isa = XCBuildConfiguration;
			buildSettings = {
				ALWAYS_SEARCH_USER_PATHS = NO;
				CLANG_ANALYZER_NONNULL = YES;
				CLANG_ANALYZER_NUMBER_OBJECT_CONVERSION = YES_AGGRESSIVE;
				CLANG_CXX_LANGUAGE_STANDARD = "gnu++20";
				CLANG_ENABLE_MODULES = YES;
				CLANG_ENABLE_OBJC_ARC = YES;
				CLANG_ENABLE_OBJC_WEAK = YES;
				CLANG_WARN_BLOCK_CAPTURE_AUTORELEASING = YES;
				CLANG_WARN_BOOL_CONVERSION = YES;
				CLANG_WARN_COMMA = YES;
				CLANG_WARN_CONSTANT_CONVERSION = YES;
				CLANG_WARN_DEPRECATED_OBJC_IMPLEMENTATIONS = YES;
				CLANG_WARN_DIRECT_OBJC_ISA_USAGE = YES_ERROR;
				CLANG_WARN_DOCUMENTATION_COMMENTS = YES;
				CLANG_WARN_EMPTY_BODY = YES;
				CLANG_WARN_ENUM_CONVERSION = YES;
				CLANG_WARN_INFINITE_RECURSION = YES;
				CLANG_WARN_INT_CONVERSION = YES;
				CLANG_WARN_NON_LITERAL_NULL_CONVERSION = YES;
				CLANG_WARN_OBJC_IMPLICIT_RETAIN_SELF = YES;
				CLANG_WARN_OBJC_LITERAL_CONVERSION = YES;
				CLANG_WARN_OBJC_ROOT_CLASS = YES_ERROR;
				CLANG_WARN_QUOTED_INCLUDE_IN_FRAMEWORK_HEADER = YES;
				CLANG_WARN_RANGE_LOOP_ANALYSIS = YES;
				CLANG_WARN_STRICT_PROTOTYPES = YES;
				CLANG_WARN_SUSPICIOUS_MOVE = YES;
				CLANG_WARN_UNGUARDED_AVAILABILITY = YES_AGGRESSIVE;
				CLANG_WARN_UNREACHABLE_CODE = YES;
				CLANG_WARN__DUPLICATE_METHOD_MATCH = YES;
				COPY_PHASE_STRIP = NO;
				DEBUG_INFORMATION_FORMAT = "dwarf-with-dsym";
				ENABLE_NS_ASSERTIONS = NO;
				ENABLE_STRICT_OBJC_MSGSEND = YES;
				GCC_C_LANGUAGE_STANDARD = gnu11;
				GCC_NO_COMMON_BLOCKS = YES;
				GCC_WARN_64_TO_32_BIT_CONVERSION = YES;
				GCC_WARN_ABOUT_RETURN_TYPE = YES_ERROR;
				GCC_WARN_UNDECLARED_SELECTOR = YES;
				GCC_WARN_UNINITIALIZED_AUTOS = YES_AGGRESSIVE;
				GCC_WARN_UNUSED_FUNCTION = YES;
				GCC_WARN_UNUSED_VARIABLE = YES;
				IPHONEOS_DEPLOYMENT_TARGET = 16.0;
				MTL_ENABLE_DEBUG_INFO = NO;
				MTL_FAST_MATH = YES;
				SDKROOT = iphoneos;
				SWIFT_COMPILATION_MODE = wholemodule;
				SWIFT_OPTIMIZATION_LEVEL = "-O";
				VALIDATE_PRODUCT = YES;
			};
			name = Release;
		};
		210B336D29A961F90044079F /* Debug */ = {
			isa = XCBuildConfiguration;
			buildSettings = {
				ASSETCATALOG_COMPILER_APPICON_NAME = AppIcon;
				ASSETCATALOG_COMPILER_GLOBAL_ACCENT_COLOR_NAME = AccentColor;
				CODE_SIGN_STYLE = Automatic;
				CURRENT_PROJECT_VERSION = 1;
				DEVELOPMENT_TEAM = 7QN4P34VRJ;
				GENERATE_INFOPLIST_FILE = YES;
				INFOPLIST_FILE = ChatApp/Info.plist;
				INFOPLIST_KEY_UIApplicationSupportsIndirectInputEvents = YES;
				INFOPLIST_KEY_UILaunchStoryboardName = LaunchScreen;
				INFOPLIST_KEY_UIMainStoryboardFile = Main;
				INFOPLIST_KEY_UISupportedInterfaceOrientations_iPad = "UIInterfaceOrientationPortrait UIInterfaceOrientationPortraitUpsideDown UIInterfaceOrientationLandscapeLeft UIInterfaceOrientationLandscapeRight";
				INFOPLIST_KEY_UISupportedInterfaceOrientations_iPhone = "UIInterfaceOrientationPortrait UIInterfaceOrientationLandscapeLeft UIInterfaceOrientationLandscapeRight";
				LD_RUNPATH_SEARCH_PATHS = (
					"$(inherited)",
					"@executable_path/Frameworks",
				);
				MARKETING_VERSION = 1.0;
				PRODUCT_BUNDLE_IDENTIFIER = owenkao.ChatApp;
				PRODUCT_NAME = "$(TARGET_NAME)";
				SWIFT_EMIT_LOC_STRINGS = YES;
				SWIFT_VERSION = 5.0;
				TARGETED_DEVICE_FAMILY = "1,2";
			};
			name = Debug;
		};
		210B336E29A961F90044079F /* Release */ = {
			isa = XCBuildConfiguration;
			buildSettings = {
				ASSETCATALOG_COMPILER_APPICON_NAME = AppIcon;
				ASSETCATALOG_COMPILER_GLOBAL_ACCENT_COLOR_NAME = AccentColor;
				CODE_SIGN_STYLE = Automatic;
				CURRENT_PROJECT_VERSION = 1;
				DEVELOPMENT_TEAM = 7QN4P34VRJ;
				GENERATE_INFOPLIST_FILE = YES;
				INFOPLIST_FILE = ChatApp/Info.plist;
				INFOPLIST_KEY_UIApplicationSupportsIndirectInputEvents = YES;
				INFOPLIST_KEY_UILaunchStoryboardName = LaunchScreen;
				INFOPLIST_KEY_UIMainStoryboardFile = Main;
				INFOPLIST_KEY_UISupportedInterfaceOrientations_iPad = "UIInterfaceOrientationPortrait UIInterfaceOrientationPortraitUpsideDown UIInterfaceOrientationLandscapeLeft UIInterfaceOrientationLandscapeRight";
				INFOPLIST_KEY_UISupportedInterfaceOrientations_iPhone = "UIInterfaceOrientationPortrait UIInterfaceOrientationLandscapeLeft UIInterfaceOrientationLandscapeRight";
				LD_RUNPATH_SEARCH_PATHS = (
					"$(inherited)",
					"@executable_path/Frameworks",
				);
				MARKETING_VERSION = 1.0;
				PRODUCT_BUNDLE_IDENTIFIER = owenkao.ChatApp;
				PRODUCT_NAME = "$(TARGET_NAME)";
				SWIFT_EMIT_LOC_STRINGS = YES;
				SWIFT_VERSION = 5.0;
				TARGETED_DEVICE_FAMILY = "1,2";
			};
			name = Release;
		};
/* End XCBuildConfiguration section */

/* Begin XCConfigurationList section */
		210B335329A961F70044079F /* Build configuration list for PBXProject "ChatApp" */ = {
			isa = XCConfigurationList;
			buildConfigurations = (
				210B336A29A961F90044079F /* Debug */,
				210B336B29A961F90044079F /* Release */,
			);
			defaultConfigurationIsVisible = 0;
			defaultConfigurationName = Release;
		};
		210B336C29A961F90044079F /* Build configuration list for PBXNativeTarget "ChatApp" */ = {
			isa = XCConfigurationList;
			buildConfigurations = (
				210B336D29A961F90044079F /* Debug */,
				210B336E29A961F90044079F /* Release */,
			);
			defaultConfigurationIsVisible = 0;
			defaultConfigurationName = Release;
		};
/* End XCConfigurationList section */
	};
	rootObject = 210B335029A961F70044079F /* Project object */;
}
